
Microsoft Visual Studio Solution File, Format Version 12.00
# Visual Studio 14
VisualStudioVersion = 14.0.24720.0
MinimumVisualStudioVersion = 10.0.40219.1
Project("{FAE04EC0-301F-11D3-BF4B-00C04F79EFBC}") = "Todos.Data", "Data\Todos.Data.csproj", "{5C06C8DF-C497-4A44-8164-9958DB8A1745}"
EndProject
Project("{FAE04EC0-301F-11D3-BF4B-00C04F79EFBC}") = "Todos.Web", "Web\Todos.Web.csproj", "{4A2E4FC9-5BCA-416C-AB1F-774D6BE0D9E1}"
EndProject
Global
	GlobalSection(SolutionConfigurationPlatforms) = preSolution
		Debug|Any CPU = Debug|Any CPU
		Release|Any CPU = Release|Any CPU
	EndGlobalSection
	GlobalSection(ProjectConfigurationPlatforms) = postSolution
		{5C06C8DF-C497-4A44-8164-9958DB8A1745}.Debug|Any CPU.ActiveCfg = Debug|Any CPU
		{5C06C8DF-C497-4A44-8164-9958DB8A1745}.Debug|Any CPU.Build.0 = Debug|Any CPU
		{5C06C8DF-C497-4A44-8164-9958DB8A1745}.Release|Any CPU.ActiveCfg = Release|Any CPU
		{5C06C8DF-C497-4A44-8164-9958DB8A1745}.Release|Any CPU.Build.0 = Release|Any CPU
		{4A2E4FC9-5BCA-416C-AB1F-774D6BE0D9E1}.Debug|Any CPU.ActiveCfg = Debug|Any CPU
		{4A2E4FC9-5BCA-416C-AB1F-774D6BE0D9E1}.Debug|Any CPU.Build.0 = Debug|Any CPU
		{4A2E4FC9-5BCA-416C-AB1F-774D6BE0D9E1}.Release|Any CPU.ActiveCfg = Release|Any CPU
		{4A2E4FC9-5BCA-416C-AB1F-774D6BE0D9E1}.Release|Any CPU.Build.0 = Release|Any CPU
	EndGlobalSection
	GlobalSection(SolutionProperties) = preSolution
		HideSolutionNode = FALSE
	EndGlobalSection
EndGlobal
